{
	"name": "n8n-nodes-tellcasey",
	"version": "0.1.0",
	"lockfileVersion": 3,
	"requires": true,
	"packages": {
		"": {
			"name": "n8n-nodes-tellcasey",
			"version": "0.1.0",
			"license": "MIT",
			"devDependencies": {
				"@n8n/node-cli": "*",
				"eslint": "9.32.0",
				"prettier": "3.6.2",
				"release-it": "^19.0.4",
				"typescript": "5.9.2"
			},
			"peerDependencies": {
				"n8n-workflow": "*"
			}
		},
		"../../node_modules/.pnpm/@n8n+node-cli@0.22.0_f64c1a13452260b50365679b15ae8b4a/node_modules/@n8n/node-cli": {
			"version": "0.22.0",
			"dev": true,
			"license": "SEE LICENSE IN LICENSE.md",
			"dependencies": {
				"@clack/prompts": "^0.11.0",
				"@n8n/ai-node-sdk": "0.3.0",
				"@n8n/eslint-plugin-community-nodes": "0.8.0",
				"@oclif/core": "^4.5.2",
				"change-case": "^5.4.4",
				"eslint-import-resolver-typescript": "^4.4.3",
				"eslint-plugin-import-x": "^4.15.2",
				"eslint-plugin-n8n-nodes-base": "1.16.5",
				"fast-glob": "3.2.12",
				"handlebars": "4.7.8",
				"picocolors": "1.0.1",
				"prettier": "3.6.2",
				"prompts": "^2.4.2",
				"rimraf": "6.0.1",
				"ts-morph": "^27.0.2",
				"typescript-eslint": "^8.35.0"
			},
			"bin": {
				"n8n-node": "bin/n8n-node.mjs"
			},
			"devDependencies": {
				"@eslint/js": "^9.29.0",
				"@n8n/typescript-config": "1.3.0",
				"@n8n/vitest-config": "1.7.0",
				"@oclif/test": "^4.1.13",
				"eslint": "9.29.0",
				"typescript": "5.9.2",
				"vitest": "^3.1.3",
				"vitest-mock-extended": "^3.1.0"
			},
			"peerDependencies": {
				"eslint": ">= 9"
			}
		},
		"../../node_modules/.pnpm/eslint@9.32.0_jiti@2.6.1/node_modules/eslint": {
			"version": "9.32.0",
			"dev": true,
			"license": "MIT",
			"dependencies": {
				"@eslint-community/eslint-utils": "^4.2.0",
				"@eslint-community/regexpp": "^4.12.1",
				"@eslint/config-array": "^0.21.0",
				"@eslint/config-helpers": "^0.3.0",
				"@eslint/core": "^0.15.0",
				"@eslint/eslintrc": "^3.3.1",
				"@eslint/js": "9.32.0",
				"@eslint/plugin-kit": "^0.3.4",
				"@humanfs/node": "^0.16.6",
				"@humanwhocodes/module-importer": "^1.0.1",
				"@humanwhocodes/retry": "^0.4.2",
				"@types/estree": "^1.0.6",
				"@types/json-schema": "^7.0.15",
				"ajv": "^6.12.4",
				"chalk": "^4.0.0",
				"cross-spawn": "^7.0.6",
				"debug": "^4.3.2",
				"escape-string-regexp": "^4.0.0",
				"eslint-scope": "^8.4.0",
				"eslint-visitor-keys": "^4.2.1",
				"espree": "^10.4.0",
				"esquery": "^1.5.0",
				"esutils": "^2.0.2",
				"fast-deep-equal": "^3.1.3",
				"file-entry-cache": "^8.0.0",
				"find-up": "^5.0.0",
				"glob-parent": "^6.0.2",
				"ignore": "^5.2.0",
				"imurmurhash": "^0.1.4",
				"is-glob": "^4.0.0",
				"json-stable-stringify-without-jsonify": "^1.0.1",
				"lodash.merge": "^4.6.2",
				"minimatch": "^3.1.2",
				"natural-compare": "^1.4.0",
				"optionator": "^0.9.3"
			},
			"bin": {
				"eslint": "bin/eslint.js"
			},
			"devDependencies": {
				"@arethetypeswrong/cli": "^0.18.0",
				"@babel/core": "^7.4.3",
				"@babel/preset-env": "^7.4.3",
				"@cypress/webpack-preprocessor": "^6.0.2",
				"@eslint/json": "^0.13.0",
				"@trunkio/launcher": "^1.3.4",
				"@types/esquery": "^1.5.4",
				"@types/node": "^22.13.14",
				"@typescript-eslint/parser": "^8.4.0",
				"babel-loader": "^8.0.5",
				"c8": "^7.12.0",
				"chai": "^4.0.1",
				"cheerio": "^0.22.0",
				"common-tags": "^1.8.0",
				"core-js": "^3.1.3",
				"cypress": "^14.1.0",
				"ejs": "^3.0.2",
				"eslint": "file:.",
				"eslint-config-eslint": "file:packages/eslint-config-eslint",
				"eslint-plugin-eslint-plugin": "^6.0.0",
				"eslint-plugin-expect-type": "^0.6.0",
				"eslint-plugin-yml": "^1.14.0",
				"eslint-release": "^3.3.0",
				"eslint-rule-composer": "^0.3.0",
				"eslump": "^3.0.0",
				"esprima": "^4.0.1",
				"fast-glob": "^3.2.11",
				"fs-teardown": "^0.1.3",
				"glob": "^10.0.0",
				"globals": "^16.2.0",
				"got": "^11.8.3",
				"gray-matter": "^4.0.3",
				"jiti": "^2.5.1",
				"jiti-v2.0": "npm:jiti@2.0.x",
				"jiti-v2.1": "npm:jiti@2.1.x",
				"knip": "^5.60.2",
				"lint-staged": "^11.0.0",
				"markdown-it": "^12.2.0",
				"markdown-it-container": "^3.0.0",
				"marked": "^4.0.8",
				"metascraper": "^5.25.7",
				"metascraper-description": "^5.25.7",
				"metascraper-image": "^5.29.3",
				"metascraper-logo": "^5.25.7",
				"metascraper-logo-favicon": "^5.25.7",
				"metascraper-title": "^5.25.7",
				"mocha": "^11.7.1",
				"node-polyfill-webpack-plugin": "^1.0.3",
				"npm-license": "^0.3.3",
				"pirates": "^4.0.5",
				"progress": "^2.0.3",
				"proxyquire": "^2.0.1",
				"recast": "^0.23.0",
				"regenerator-runtime": "^0.14.0",
				"semver": "^7.5.3",
				"shelljs": "^0.10.0",
				"sinon": "^11.0.0",
				"typescript": "^5.3.3",
				"webpack": "^5.23.0",
				"webpack-cli": "^4.5.0",
				"yorkie": "^2.0.0"
			},
			"engines": {
				"node": "^18.18.0 || ^20.9.0 || >=21.1.0"
			},
			"funding": {
				"url": "https://eslint.org/donate"
			},
			"peerDependencies": {
				"jiti": "*"
			},
			"peerDependenciesMeta": {
				"jiti": {
					"optional": true
				}
			}
		},
		"../../node_modules/.pnpm/n8n-workflow@2.11.1/node_modules/n8n-workflow": {
			"version": "2.11.1",
			"license": "SEE LICENSE IN LICENSE.md",
			"peer": true,
			"dependencies": {
				"@n8n/errors": "0.6.0",
				"@n8n/tournament": "1.0.6",
				"ast-types": "0.16.1",
				"callsites": "3.1.0",
				"esprima-next": "5.8.4",
				"form-data": "4.0.4",
				"jmespath": "0.16.0",
				"js-base64": "3.7.2",
				"jsonrepair": "3.13.2",
				"jssha": "3.3.1",
				"lodash": "4.17.23",
				"luxon": "3.7.2",
				"md5": "2.3.0",
				"recast": "0.22.0",
				"title-case": "3.0.3",
				"transliteration": "2.3.5",
				"xml2js": "0.6.2",
				"zod": "3.25.67"
			},
			"devDependencies": {
				"@langchain/core": "1.1.8",
				"@n8n/config": "2.10.1",
				"@n8n/typescript-config": "1.3.0",
				"@n8n/vitest-config": "1.7.0",
				"@types/express": "^5.0.1",
				"@types/jmespath": "^0.15.0",
				"@types/lodash": "4.17.17",
				"@types/luxon": "3.2.0",
				"@types/md5": "^2.3.5",
				"@types/xml2js": "^0.4.14",
				"vitest": "^3.1.3",
				"vitest-mock-extended": "^3.1.0"
			}
		},
		"../../node_modules/.pnpm/prettier@3.6.2/node_modules/prettier": {
			"version": "3.6.2",
			"dev": true,
			"license": "MIT",
			"bin": {
				"prettier": "bin/prettier.cjs"
			},
			"engines": {
				"node": ">=14"
			},
			"funding": {
				"url": "https://github.com/prettier/prettier?sponsor=1"
			}
		},
		"../../node_modules/.pnpm/release-it@19.2.4_@types+node@25.2.3_magicast@0.3.5/node_modules/release-it": {
			"version": "19.2.4",
			"dev": true,
			"funding": [
				{
					"type": "github",
					"url": "https://github.com/sponsors/webpro"
				},
				{
					"type": "opencollective",
					"url": "https://opencollective.com/webpro"
				}
			],
			"license": "MIT",
			"dependencies": {
				"@nodeutils/defaults-deep": "1.1.0",
				"@octokit/rest": "22.0.1",
				"@phun-ky/typeof": "2.0.3",
				"async-retry": "1.3.3",
				"c12": "3.3.3",
				"ci-info": "^4.3.1",
				"eta": "4.5.0",
				"git-url-parse": "16.1.0",
				"inquirer": "12.11.1",
				"issue-parser": "7.0.1",
				"lodash.merge": "4.6.2",
				"mime-types": "3.0.2",
				"new-github-release-url": "2.0.0",
				"open": "10.2.0",
				"ora": "9.0.0",
				"os-name": "6.1.0",
				"proxy-agent": "6.5.0",
				"semver": "7.7.3",
				"tinyglobby": "0.2.15",
				"undici": "6.23.0",
				"url-join": "5.0.0",
				"wildcard-match": "5.1.4",
				"yargs-parser": "21.1.1"
			},
			"bin": {
				"release-it": "bin/release-it.js"
			},
			"devDependencies": {
				"@eslint/js": "9.39.2",
				"@octokit/request-error": "7.1.0",
				"@types/node": "24.10.9",
				"eslint": "9.39.2",
				"eslint-plugin-import-x": "4.16.1",
				"globals": "16.5.0",
				"installed-check": "9.3.0",
				"knip": "5.82.1",
				"mentoss": "0.13.0",
				"mock-stdio": "1.0.3",
				"prettier": "3.8.0",
				"remark-cli": "12.0.1",
				"remark-preset-webpro": "2.1.0",
				"tar": "7.5.4",
				"typescript": "5.9.3"
			},
			"engines": {
				"node": "^20.12.0 || >=22.0.0"
			}
		},
		"../../node_modules/.pnpm/typescript@5.9.2/node_modules/typescript": {
			"version": "5.9.2",
			"dev": true,
			"license": "Apache-2.0",
			"bin": {
				"tsc": "bin/tsc",
				"tsserver": "bin/tsserver"
			},
			"devDependencies": {
				"@dprint/formatter": "^0.4.1",
				"@dprint/typescript": "0.93.4",
				"@esfx/canceltoken": "^1.0.0",
				"@eslint/js": "^9.20.0",
				"@octokit/rest": "^21.1.1",
				"@types/chai": "^4.3.20",
				"@types/diff": "^7.0.1",
				"@types/minimist": "^1.2.5",
				"@types/mocha": "^10.0.10",
				"@types/ms": "^0.7.34",
				"@types/node": "latest",
				"@types/source-map-support": "^0.5.10",
				"@types/which": "^3.0.4",
				"@typescript-eslint/rule-tester": "^8.24.1",
				"@typescript-eslint/type-utils": "^8.24.1",
				"@typescript-eslint/utils": "^8.24.1",
				"azure-devops-node-api": "^14.1.0",
				"c8": "^10.1.3",
				"chai": "^4.5.0",
				"chokidar": "^4.0.3",
				"diff": "^7.0.0",
				"dprint": "^0.49.0",
				"esbuild": "^0.25.0",
				"eslint": "^9.20.1",
				"eslint-formatter-autolinkable-stylish": "^1.4.0",
				"eslint-plugin-regexp": "^2.7.0",
				"fast-xml-parser": "^4.5.2",
				"glob": "^10.4.5",
				"globals": "^15.15.0",
				"hereby": "^1.10.0",
				"jsonc-parser": "^3.3.1",
				"knip": "^5.44.4",
				"minimist": "^1.2.8",
				"mocha": "^10.8.2",
				"mocha-fivemat-progress-reporter": "^0.1.0",
				"monocart-coverage-reports": "^2.12.1",
				"ms": "^2.1.3",
				"picocolors": "^1.1.1",
				"playwright": "^1.50.1",
				"source-map-support": "^0.5.21",
				"tslib": "^2.8.1",
				"typescript": "^5.7.3",
				"typescript-eslint": "^8.24.1",
				"which": "^3.0.1"
			},
			"engines": {
				"node": ">=14.17"
			}
		},
		"node_modules/@n8n/node-cli": {
			"resolved": "../../node_modules/.pnpm/@n8n+node-cli@0.22.0_f64c1a13452260b50365679b15ae8b4a/node_modules/@n8n/node-cli",
			"link": true
		},
		"node_modules/eslint": {
			"resolved": "../../node_modules/.pnpm/eslint@9.32.0_jiti@2.6.1/node_modules/eslint",
			"link": true
		},
		"node_modules/n8n-workflow": {
			"resolved": "../../node_modules/.pnpm/n8n-workflow@2.11.1/node_modules/n8n-workflow",
			"link": true
		},
		"node_modules/prettier": {
			"resolved": "../../node_modules/.pnpm/prettier@3.6.2/node_modules/prettier",
			"link": true
		},
		"node_modules/release-it": {
			"resolved": "../../node_modules/.pnpm/release-it@19.2.4_@types+node@25.2.3_magicast@0.3.5/node_modules/release-it",
			"link": true
		},
		"node_modules/typescript": {
			"resolved": "../../node_modules/.pnpm/typescript@5.9.2/node_modules/typescript",
			"link": true
		}
	}
}
